
Microsoft Visual Studio Solution File, Format Version 12.00
# Visual Studio Version 16
VisualStudioVersion = 16.0.30011.22
MinimumVisualStudioVersion = 10.0.40219.1
Project("{FAE04EC0-301F-11D3-BF4B-00C04F79EFBC}") = "ADOFAIAutoPlayer", "ADOFAIAutoPlayer.csproj", "{8E09358C-4C6B-4391-A65D-FA8CCDF005C7}"
EndProject
Global
	GlobalSection(SolutionConfigurationPlatforms) = preSolution
		Debug|Any CPU = Debug|Any CPU
		Release|Any CPU = Release|Any CPU
	EndGlobalSection
	GlobalSection(ProjectConfigurationPlatforms) = postSolution
		{8E09358C-4C6B-4391-A65D-FA8CCDF005C7}.Debug|Any CPU.ActiveCfg = Debug|Any CPU
		{8E09358C-4C6B-4391-A65D-FA8CCDF005C7}.Debug|Any CPU.Build.0 = Debug|Any CPU
		{8E09358C-4C6B-4391-A65D-FA8CCDF005C7}.Release|Any CPU.ActiveCfg = Release|Any CPU
		{8E09358C-4C6B-4391-A65D-FA8CCDF005C7}.Release|Any CPU.Build.0 = Release|Any CPU
	EndGlobalSection
	GlobalSection(SolutionProperties) = preSolution
		HideSolutionNode = FALSE
	EndGlobalSection
	GlobalSection(ExtensibilityGlobals) = postSolution
		SolutionGuid = {DAB7A8CD-12AD-4C14-88E2-28C95731B3A4}
	EndGlobalSection
EndGlobal
